version = 1
revision = 3
requires-python = "==3.12.*"

[[package]]
name = "annotated-types"
version = "0.8.0"
source = { registry = "https://mirrors.aliyun.com/pypi/simple/" }
sdist = { url = "https://mirrors.aliyun.com/pypi/packages/5f/56/a8120250d128bed162cd73c76d45f6ef9991f3e068f62a8ee060afa3104a/annotated_types-0.8.0.tar.gz", hash = "sha256:13b2beaad985e05e2d6407ee4c4f35590b11f8d693a258a561055cac8f64cab7" }
wheels = [
    { url = "https://mirrors.aliyun.com/pypi/packages/99/91/8acff4f5e50511b911bbccb72b8628a49c68ce14148cd9f6431094859a90/annotated_types-0.8.0-py3-none-any.whl", hash = "sha256:f072f4d804ea359e4eaf198b1af7a8b0943881a87f31bb764f8bf219bb9419e0" },
]

[[package]]
name = "ast-serialize"
version = "0.9.0"
source = { registry = "https://mirrors.aliyun.com/pypi/simple/" }
sdist = { url = "https://mirrors.aliyun.com/pypi/packages/fd/c0/5bb6885a9608d86ee5712c0d88bc405d3a49f3e44231576e130ea2f53d34/ast_serialize-0.9.0.tar.gz", hash = "sha256:79fe8be1c934aa572940d1811d8dbe4d1b6f22291e3f16755c9b062e9ac92fb7" }
wheels = [
    { url = "https://mirrors.aliyun.com/pypi/packages/e5/f9/a4af1bf8b35927814c09d90c3965dbfaa75c489ba34372bffafbc2209f40/ast_serialize-0.9.0-cp315-abi3.abi3t-macosx_10_12_x86_64.whl", hash = "sha256:383f56e3ae925f154632458f01b4bfcde3dd382f3ec04f5c7f6d72f76524ff48" },
    { url = "https://mirrors.aliyun.com/pypi/packages/1d/6d/d3a95823a803c21f5c9df595a0bb93aada22e7aa22bf875fe00d89422d7f/ast_serialize-0.9.0-cp315-abi3.abi3t-macosx_11_0_arm64.whl", hash = "sha256:b9ef3d4173907bd19aa8f1683be9f06e7862e6cdf2ca6bca3633305c0df32063" },
    { url = "https://mirrors.aliyun.com/pypi/packages/f0/97/6e7f46c8455b738609c29d1b7655307a168c4b40ce4c7a2c678c8ed9cf2e/ast_serialize-0.9.0-cp315-abi3.abi3t-manylinux_2_17_aarch64.manylinux2014_aarch64.whl", hash = "sha256:9482672ca8ec09f85cd050a053fb88c30c882c8e20ce7a140d8defe19c0ef2eb" },
    { url = "https://mirrors.aliyun.com/pypi/packages/f0/6e/25b70733f061766865cb04d913dc5332037c595796b871d52ab5b569abb8/ast_serialize-0.9.0-cp315-abi3.abi3t-manylinux_2_17_armv7l.manylinux2014_armv7l.whl", hash = "sha256:a6a568d1d489f0669a31aed90ca4845aa7f08e1b8cd5d05e1905dbdc3ae9b2b0" },
    { url = "https://mirrors.aliyun.com/pypi/packages/9a/f0/b7820399d9c5a0b7f07c239b6da93d2e21a1b3785137fa00e16528e414b3/ast_serialize-0.9.0-cp315-abi3.abi3t-manylinux_2_17_ppc64le.manylinux2014_ppc64le.whl", hash = "sha256:5a4dd005d4095a13eb312dc712c943c7730f262b000a87df963925328a38ffdb" },
    { url = "https://mirrors.aliyun.com/pypi/packages/08/56/5146f1d2a77516e697f6f42825df79137e43560675cb4605c467775f8b4a/ast_serialize-0.9.0-cp315-abi3.abi3t-manylinux_2_17_s390x.manylinux2014_s390x.whl", hash = "sha256:207ac73afa1f4654840593853c130eac2591dd942434176eea33f730afb3359b" },
    { url = "https://mirrors.aliyun.com/pypi/packages/69/c4/87cd16228796d703de795a369b90b0f57f0f017f90f55c4c5876e3513a03/ast_serialize-0.9.0-cp315-abi3.abi3t-manylinux_2_17_x86_64.manylinux2014_x86_64.whl", hash = "sha256:9ae01129e2cc5d57a3c434d8a990019de039350310a2e1dd3c9f61311964cf25" },
    { url = "https://mirrors.aliyun.com/pypi/packages/cc/eb/13465c297268c5170b2bb746d75f37a8fad44a94a89b593071affc1071d0/ast_serialize-0.9.0-cp315-abi3.abi3t-manylinux_2_31_riscv64.whl", hash = "sha256:4c522377f383670abfe21c94edc3032cb3bd34d8fcacd280fa9556907d4edd4b" },
    { url = "https://mirrors.aliyun.com/pypi/packages/0a/a7/10b84c4274b2507b0ed9cc1654058ad64bcedb6ac574753d6a461bc6e204/ast_serialize-0.9.0-cp315-abi3.abi3t-manylinux_2_5_i686.manylinux1_i686.whl", hash = "sha256:4cd886f6e900f5e13f758cb8ef359652e690e4f3f9c257a7269e095940534167" },
    { url = "https://mirrors.aliyun.com/pypi/packages/c7/dc/2702182c9773a15de9aabfaf66da7cb87548a56a6bac24f0c9176a4a13c3/ast_serialize-0.9.0-cp315-abi3.abi3t-musllinux_1_2_aarch64.whl", hash = "sha256:f3f0f3359cf0f22bf096b07021ffe6bf0ec88ac8a2cf7ce5f4701af973112faa" },
    { url = "https://mirrors.aliyun.com/pypi/packages/59/b5/eeef2124c9563b9861707ef4db91f153f3bb37b3e0cca9543bb88a4e9e53/ast_serialize-0.9.0-cp315-abi3.abi3t-musllinux_1_2_armv7l.whl", hash = "sha256:6c428444656cffbd32c1e76626c6eec5237b58c8fcb0b5d3df75941cd50c4f3c" },
    { url = "https://mirrors.aliyun.com/pypi/packages/cc/8c/81d18349f1dffdcfeb80671bd737e342c86348e183692d9d0d8f573d1385/ast_serialize-0.9.0-cp315-abi3.abi3t-musllinux_1_2_i686.whl", hash = "sha256:54f0babed5e2a4eb86a0716ac612aff33f933e7572e5bc067adcdbe672a26321" },
    { url = "https://mirrors.aliyun.com/pypi/packages/d4/1f/339131b60d1b0df13d9f3470cfac70f858b5649188ea01b2e7b39caeb720/ast_serialize-0.9.0-cp315-abi3.abi3t-musllinux_1_2_ppc64le.whl", hash = "sha256:1b779fdaee34d19900a5ba5fd6bd4cefe225650081f9de28de256eacee5113c2" },
    { url = "https://mirrors.aliyun.com/pypi/packages/18/0a/ca77596fa229d88f96eca180d45dbe8efa11306f8b2b4f4ee301b3fe465f/ast_serialize-0.9.0-cp315-abi3.abi3t-musllinux_1_2_riscv64.whl", hash = "sha256:4db7f524eaa857fbe650cac33b9cedb5ccda14393d40f640b75dfb06aa13c98c" },
    { url = "https://mirrors.aliyun.com/pypi/packages/88/5c/6aebeb54dd226b480014ff4488e150aa23b1de3204e2bf3f87de27e6542a/ast_serialize-0.9.0-cp315-abi3.abi3t-musllinux_1_2_x86_64.whl", hash = "sha256:d2a37795a90809da6094825e7063118b4cf723b8701b134973b4566ed8b9ea09" },
    { url = "https://mirrors.aliyun.com/pypi/packages/75/e6/c355d470a230f778311c28b80f6d934a497d094139f07230433eea18651b/ast_serialize-0.9.0-cp315-abi3.abi3t-win32.whl", hash = "sha256:4411d1cba9eeecb301365343a7e96813b4a44fcdb20181557867ff7e751804cf" },
    { url = "https://mirrors.aliyun.com/pypi/packages/fe/0d/66609ace58564727b68731293cc986c2ea1d5e6ef40e96571e7fb515f0af/ast_serialize-0.9.0-cp315-abi3.abi3t-win_amd64.whl", hash = "sha256:b5c3724faf780e25def89c369eb6340a15dff06ac348160c61781e2373a4cd10" },
    { url = "https://mirrors.aliyun.com/pypi/packages/b1/fd/da28e1c85f05fb9976f247d2a3aefce68866cb2939abcbdbddd9a5e3b835/ast_serialize-0.9.0-cp315-abi3.abi3t-win_arm64.whl", hash = "sha256:1de0933a4c1d104d77d6e75f053f5e628b54cf8f9fea809b8250cb04cda07bd3" },
    { url = "https://mirrors.aliyun.com/pypi/packages/92/e4/175b0a64d6c96bc1b96598c6474ce8d1ef34e0b774bcf7183f4ce696fb10/ast_serialize-0.9.0-cp39-abi3-macosx_10_12_x86_64.whl", hash = "sha256:dac690f99538d9df0d23ce0299e946add2744b007a36b480a292fe361c82553d" },
    { url = "https://mirrors.aliyun.com/pypi/packages/28/0c/d51d8463aca43aaa833fdf1f25134d6cc1b483764896decca61306ad1f6e/ast_serialize-0.9.0-cp39-abi3-macosx_11_0_arm64.whl", hash = "sha256:2223ead73b5a5399d39610cf9c4164ad0b2bf2025226626b87ae15226d93d3f7" },
    { url = "https://mirrors.aliyun.com/pypi/packages/ef/19/c88bdc64f86095a9d6ab325ae422b2a5e1395cd63cd8aa539003d4d4ae1d/ast_serialize-0.9.0-cp39-abi3-manylinux_2_17_aarch64.manylinux2014_aarch64.whl", hash = "sha256:6b7c5f5838408fb000d76abd14e886836412b7ec7eccd028dbb5ed5819780008" },
    { url = "https://mirrors.aliyun.com/pypi/packages/86/58/a492075826df1753896dc8e8f6ababae4016d8883b670ee3a1c34788b154/ast_serialize-0.9.0-cp39-abi3-manylinux_2_17_armv7l.manylinux2014_armv7l.whl", hash = "sha256:1e05701fde79affa1cc53e391867f9da3eb03fa8501f87354292796b0f8398fd" },
    { url = "https://mirrors.aliyun.com/pypi/packages/ae/79/3f6754eaa42fd2a6c36aac066890870cd44cbe0e25f75a67b1b99a2f4d82/ast_serialize-0.9.0-cp39-abi3-manylinux_2_17_ppc64le.manylinux2014_ppc64le.whl", hash = "sha256:d013c36eb2f2ac0cb7d4d0e79918a92ab00fbce8f1542fe47f34a46e06168f82" },
    { url = "https://mirrors.aliyun.com/pypi/packages/b1/05/8cfb7caadfaf28febaa6b61d31d778262f87f9366eda4dd9bd07ac940b75/ast_serialize-0.9.0-cp39-abi3-manylinux_2_17_s390x.manylinux2014_s390x.whl", hash = "sha256:19cde5c2110f7b90ab1210a599178524f6c9f34862b20ba2b9aa7832c67bb35d" },
    { url = "https://mirrors.aliyun.com/pypi/packages/aa/e2/750a0b136bb02ff8e4a17d65a3a78cd478ee50724704df8215797a226ba3/ast_serialize-0.9.0-cp39-abi3-manylinux_2_17_x86_64.manylinux2014_x86_64.whl", hash = "sha256:1514f4a39704e2e815f9fc675fc13f19f694f212086b520110840782cf3c5295" },
    { url = "https://mirrors.aliyun.com/pypi/packages/ab/17/4c0aa852ff1e4f2d6723e8ce827136c1e1febf2845d7941ccc45426778de/ast_serialize-0.9.0-cp39-abi3-manylinux_2_31_riscv64.whl", hash = "sha256:30651ccdec6d23c49ee4711b1a1096d8dbd3be38eecf2f09fdd98a608ce7ac24" },
    { url = "https://mirrors.aliyun.com/pypi/packages/4d/1b/6e73d0a29aedb0db30cc68f2557acaac06cd24c9783ccb90f84f89e4ce87/ast_serialize-0.9.0-cp39-abi3-manylinux_2_5_i686.manylinux1_i686.whl", hash = "sha256:d9a46caf5e3f2cd266e8638b2f4ea8bf54cf376f015f8418397b4633fdb38e9b" },
    { url = "https://mirrors.aliyun.com/pypi/packages/dc/38/2cf5d552de99e0e9804a16fea73e54d0a7382498adddf57c0f6dc09cbc70/ast_serialize-0.9.0-cp39-abi3-musllinux_1_2_aarch64.whl", hash = "sha256:aed6e413c6c22a23c33c47a01dd2adce01d7a7ed408748e896903f47d0a1aa47" },
    { url = "https://mirrors.aliyun.com/pypi/packages/4b/0b/5ef87adf955b6a027f616eb7b55f55a154c35ba600e9dd2d06ad2d30e5c2/ast_serialize-0.9.0-cp39-abi3-musllinux_1_2_armv7l.whl", hash = "sha256:871fb7c5b049897ee137b67efad7fe4545ad270f7eccd970da877833f8e63aa7" },
    { url = "https://mirrors.aliyun.com/pypi/packages/81/dd/9ced05a17feeb0f83e84010d80f5a1b7b7aa19e75f0376f4d3780803654c/ast_serialize-0.9.0-cp39-abi3-musllinux_1_2_i686.whl", hash = "sha256:bb378efb5537b43f38660e2e6d6e138a40885cf191d43443bb3ff7ff47e9cd9b" },
    { url = "https://mirrors.aliyun.com/pypi/packages/5f/8b/8ad486e44fc7081a2471055befc433dddc2e51c3a88dff141b3026f64602/ast_serialize-0.9.0-cp39-abi3-musllinux_1_2_ppc64le.whl", hash = "sha256:b373beff65b01fcffca5aaad3269ae629f3a998b09efdd3635e48039008a5dec" },
    { url = "https://mirrors.aliyun.com/pypi/packages/dd/4c/7c282aba9cfb0b92d79fac45c04e4557d9a7f08d872e5a43577a50867e30/ast_serialize-0.9.0-cp39-abi3-musllinux_1_2_riscv64.whl", hash = "sha256:25c8d517c45cf2b1820fc2af6ac593783654818f79d05646d25d624360678a4e" },
    { url = "https://mirrors.aliyun.com/pypi/packages/a4/3a/e45914e8cad81b660915f3784d255460a6384183b76bfc2089fdd79ec7df/ast_serialize-0.9.0-cp39-abi3-musllinux_1_2_x86_64.whl", hash = "sha256:1675dc46578298ae00936164a160997801a6ca2385913150d8d16df634296cf3" },
    { url = "https://mirrors.aliyun.com/pypi/packages/99/09/6988921dec19c810beef53539fec2e90ae551cd93853b3303a99fe45f772/ast_serialize-0.9.0-cp39-abi3-win32.whl", hash = "sha256:20fce3885eeff05a3d6afefa845c8168016e3ea1f6fc9cdc84c8db28b863a550" },
    { url = "https://mirrors.aliyun.com/pypi/packages/fd/eb/839598a22a1f9af56d39e188451cad93dbcb0ce6539a45ac18fb8bf123fa/ast_serialize-0.9.0-cp39-abi3-win_amd64.whl", hash = "sha256:161914666a21d48b681982146ac0fa4086ef099d91c637cf595387f5f06aa099" },
    { url = "https://mirrors.aliyun.com/pypi/packages/0d/45/c7cd8d36d3b506bbd02db5066fae3340284781168f0d08dac25deef5f69d/ast_serialize-0.9.0-cp39-abi3-win_arm64.whl", hash = "sha256:74473258a5c55855d5306c864a5c799fbff03a0f0ea1197346b2b5cc5b4ea48a" },
]

[[package]]
name = "colorama"
version = "0.4.6"
source = { registry = "https://mirrors.aliyun.com/pypi/simple/" }
sdist = { url = "https://mirrors.aliyun.com/pypi/packages/d8/53/6f443c9a4a8358a93a6792e2acffb9d9d5cb0a5cfd8802644b7b1c9a02e4/colorama-0.4.6.tar.gz", hash = "sha256:08695f5cb7ed6e0531a20572697297273c47b8cae5a63ffc6d6ed5c201be6e44" }
wheels = [
    { url = "https://mirrors.aliyun.com/pypi/packages/d1/d6/3965ed04c63042e047cb6a3e6ed1a63a35087b6a609aa3a15ed8ac56c221/colorama-0.4.6-py2.py3-none-any.whl", hash = "sha256:4f1d9991f5acc0ca119f9d443620b77f9d6b33703e51011c16baf57afb285fc6" },
]

[[package]]
name = "hatchling"
version = "1.32.0"
source = { registry = "https://mirrors.aliyun.com/pypi/simple/" }
dependencies = [
    { name = "packaging" },
    { name = "pathspec" },
    { name = "pluggy" },
    { name = "tomlkit" },
    { name = "trove-classifiers" },
]
sdist = { url = "https://mirrors.aliyun.com/pypi/packages/69/08/33331757185504aae48b8d9bd78cec03a76e3aecfb52e549d05a2347c0dd/hatchling-1.32.0.tar.gz", hash = "sha256:0bdbde4a52b06c37e3eca395f85a762bf0ef06fe374fd8ae429dc6be10230f5f" }
wheels = [
    { url = "https://mirrors.aliyun.com/pypi/packages/a9/84/1798b6d85ecde0e31546004efd25c5de1b1f49250644a60cce460e12593a/hatchling-1.32.0-py3-none-any.whl", hash = "sha256:0e17c9c3b9aa7c625acc8d0f5b622f107d5049af9ecf5ada4de1aada5be7cdbc" },
]

[[package]]
name = "iniconfig"
version = "2.3.0"
source = { registry = "https://mirrors.aliyun.com/pypi/simple/" }
sdist = { url = "https://mirrors.aliyun.com/pypi/packages/72/34/14ca021ce8e5dfedc35312d08ba8bf51fdd999c576889fc2c24cb97f4f10/iniconfig-2.3.0.tar.gz", hash = "sha256:c76315c77db068650d49c5b56314774a7804df16fee4402c1f19d6d15d8c4730" }
wheels = [
    { url = "https://mirrors.aliyun.com/pypi/packages/cb/b1/3846dd7f199d53cb17f49cba7e651e9ce294d8497c8c150530ed11865bb8/iniconfig-2.3.0-py3-none-any.whl", hash = "sha256:f631c04d2c48c52b84d0d0549c99ff3859c98df65b3101406327ecc7d53fbf12" },
]

[[package]]
name = "librt"
version = "0.15.0"
source = { registry = "https://mirrors.aliyun.com/pypi/simple/" }
sdist = { url = "https://mirrors.aliyun.com/pypi/packages/36/9b/356320fbae2ac8467e21c5e73e1389c80468e4998c62cc7d3536cc51b614/librt-0.15.0.tar.gz", hash = "sha256:4e66cbe84437497d951b799d3e1551291b6fb3d643820a7014b3655d57a59162" }
wheels = [
    { url = "https://mirrors.aliyun.com/pypi/packages/ba/39/99c25030e782bdfb7a21be8c05254806a2e4bbb05c8d50c2a2130acbfa05/librt-0.15.0-cp312-cp312-macosx_10_13_x86_64.whl", hash = "sha256:e87bc679f86a99aa3b26e3c78eeb821a247c9a28eae48eaafcc32c3bf4c3bb9e" },
    { url = "https://mirrors.aliyun.com/pypi/packages/14/43/f4b1bd1b2888798a1409808889a25ea1ba49eaabce7d681ed27734c2df9d/librt-0.15.0-cp312-cp312-macosx_11_0_arm64.whl", hash = "sha256:71599e011ac880e8e45d46047d714871894c7d4ab6f25626f8d4f89da21f368d" },
    { url = "https://mirrors.aliyun.com/pypi/packages/0c/db/3ad9c965c72f1e1d6beeec44ec10a54e17be8ae042fbb4baade16cbadced/librt-0.15.0-cp312-cp312-manylinux2014_aarch64.manylinux_2_17_aarch64.manylinux_2_28_aarch64.whl", hash = "sha256:c802434092b769b1d613ed2e13fac15fbfce1934a74bd10283b03c0fae231cd1" },
    { url = "https://mirrors.aliyun.com/pypi/packages/4b/07/5888a6d76acd62ebce66c61b74d94e9370b9c32929f111e487bb6546f8ed/librt-0.15.0-cp312-cp312-manylinux2014_i686.manylinux_2_17_i686.manylinux_2_28_i686.whl", hash = "sha256:5500eeae393a184d14e1f35645962c27129d20c81afa4069e6ef826ebc2b3aaa" },
    { url = "https://mirrors.aliyun.com/pypi/packages/29/39/ab57cc2f5b276156da02bb7f5a8921bada1cb1993ffec99acf811c602c23/librt-0.15.0-cp312-cp312-manylinux2014_ppc64le.manylinux_2_17_ppc64le.manylinux_2_28_ppc64le.whl", hash = "sha256:6ecfc32dfb46fb7b565bcd6abf9412acf978775a998273d22888a6d7953730dd" },
    { url = "https://mirrors.aliyun.com/pypi/packages/a7/b9/bdbb0b648b5c2befb031f4c6f3b1dd857415e8fb492a25a3c764a6681e6c/librt-0.15.0-cp312-cp312-manylinux2014_x86_64.manylinux_2_17_x86_64.manylinux_2_28_x86_64.whl", hash = "sha256:89cc46cfd15022e35084355478c9ac809d90b1152222706ac9a7655ec21df6fa" },
    { url = "https://mirrors.aliyun.com/pypi/packages/93/26/473c2e4b6c104e9e58e27ce95fc8005c8bd4fc36cae4f254371125a92db8/librt-0.15.0-cp312-cp312-manylinux_2_34_riscv64.manylinux_2_39_riscv64.whl", hash = "sha256:d5f51401d102c885b9ca509e62c79b1dbff286e1b9b047fde6f763780789356d" },
    { url = "https://mirrors.aliyun.com/pypi/packages/26/60/03b3abb82b41714671b907bf6989b228e31e6a8af52dec82b5b0728dc250/librt-0.15.0-cp312-cp312-musllinux_1_2_aarch64.whl", hash = "sha256:cc30523e3f1a23fb7511cc659834a0d01a1042bb9de359bc1c131cc4ec6c9656" },
    { url = "https://mirrors.aliyun.com/pypi/packages/f2/0e/9bb1f0a4affbd0a1888f4f79dc03ed2a299d9a2c26c59ab2a97dcbf11903/librt-0.15.0-cp312-cp312-musllinux_1_2_i686.whl", hash = "sha256:59fe030d8ae4a57e3fb7756bf35a858de74e04066fc8555c53d0af979132af81" },
    { url = "https://mirrors.aliyun.com/pypi/packages/dc/84/6937a280d461f7de6e031ffb02edc2b7c3c90d49d630565ce8ff27cbc5f2/librt-0.15.0-cp312-cp312-musllinux_1_2_ppc64le.whl", hash = "sha256:5a6526a2a956bbb1e4ae3568c82e650fc99119c66bb011ea60715744955a2b4d" },
    { url = "https://mirrors.aliyun.com/pypi/packages/bc/95/2a2853c1ee014bf102116e7f897a04beeaeb2461b45b79af98bdfb95f1ef/librt-0.15.0-cp312-cp312-musllinux_1_2_riscv64.whl", hash = "sha256:85ea21ec6730194d67156b0e0b5430ccb1d61f8b8b907e39b37f9812b74a13f0" },
    { url = "https://mirrors.aliyun.com/pypi/packages/c9/4c/cf9601c1b4c5f09280acd5d83abdb2e68527a2be8257136eb42304218622/librt-0.15.0-cp312-cp312-musllinux_1_2_x86_64.whl", hash = "sha256:1e47b8ba865d7ede071a91a7163073bbaeb72541f1ef8a07d512c45c7b5007f2" },
    { url = "https://mirrors.aliyun.com/pypi/packages/47/6d/9ac7cbec46189a7625af4b5acbd25f10d827f4141b2002181848c8418923/librt-0.15.0-cp312-cp312-win32.whl", hash = "sha256:a5207ec414d1c4a2a7231b2086970dc036f94293cdf338190984958a013a42f1" },
    { url = "https://mirrors.aliyun.com/pypi/packages/38/d0/2ae99c83be86ce23f925ac1aeeedc777e97f427c4a8d190c70d0a16e9a87/librt-0.15.0-cp312-cp312-win_amd64.whl", hash = "sha256:73b30cfa976659b3917c8f6153bdb0591c6a9ec6583599fd24a689b690622022" },
    { url = "https://mirrors.aliyun.com/pypi/packages/5d/ef/dd24f9635c730b86b87587967dda7516b1845e8b17684603d31607fed598/librt-0.15.0-cp312-cp312-win_arm64.whl", hash = "sha256:a54cf9e0ef47b96af580849db5471142200568ce1e02cbf416addab551369570" },
]

[[package]]
name = "loop-research"
version = "0.2.0a1"
source = { editable = "." }
dependencies = [
    { name = "pydantic" },
]

[package.dev-dependencies]
dev = [
    { name = "hatchling" },
    { name = "mypy" },
    { name = "pytest" },
    { name = "ruff" },
]

[package.metadata]
requires-dist = [{ name = "pydantic", specifier = ">=2.11,<3" }]

[package.metadata.requires-dev]
dev = [
    { name = "hatchling", specifier = "==1.32.0" },
    { name = "mypy", specifier = ">=1.17" },
    { name = "pytest", specifier = ">=8.4" },
    { name = "ruff", specifier = ">=0.12" },
]

[[package]]
name = "mypy"
version = "2.3.1"
source = { registry = "https://mirrors.aliyun.com/pypi/simple/" }
dependencies = [
    { name = "ast-serialize" },
    { name = "librt", marker = "platform_python_implementation != 'PyPy'" },
    { name = "mypy-extensions" },
    { name = "pathspec" },
    { name = "typing-extensions" },
]
sdist = { url = "https://mirrors.aliyun.com/pypi/packages/82/6a/878cc1097d4035f82bd516658d0c528d2a9955bc7b363afcbd0b07fea11b/mypy-2.3.1.tar.gz", hash = "sha256:47c1b1207258513a9d93495f69c8be9de73916186f0e52703e8c461b7a623419" }
wheels = [
    { url = "https://mirrors.aliyun.com/pypi/packages/85/da/d6effc4f808a842d91edc22535dc9e799d2ff6e91449168b7f47a0771f54/mypy-2.3.1-cp312-cp312-macosx_11_0_arm64.whl", hash = "sha256:a32bbbb940af990d3be0b8af321c7b6815bb1b3b48142fe7459b9cc5f58959ff" },
    { url = "https://mirrors.aliyun.com/pypi/packages/e4/e6/478229701dab76f26485fc8ff5d6f241f393da22447400bbc56f6946aebe/mypy-2.3.1-cp312-cp312-manylinux2014_aarch64.manylinux_2_17_aarch64.manylinux_2_28_aarch64.whl", hash = "sha256:ff715e45b2231a8e85de1d163d1b42791e4d7aab8f5145f85fee1b710b735aff" },
    { url = "https://mirrors.aliyun.com/pypi/packages/8d/fe/7c42327a3b21e84681f691982cbfe43f334a3685f3b683b72c376476c4fa/mypy-2.3.1-cp312-cp312-manylinux2014_x86_64.manylinux_2_17_x86_64.manylinux_2_28_x86_64.whl", hash = "sha256:858fc57d3d91fa728e33e7ad71def60fc6272694607b306cd3292db53ae39080" },
    { url = "https://mirrors.aliyun.com/pypi/packages/59/f4/7e597edbe01b5a56fa958ce541302dcaabfed979966f1dffedbea0ea0fc2/mypy-2.3.1-cp312-cp312-musllinux_1_2_x86_64.whl", hash = "sha256:851833db876e7b650f93719c74b7879a08e338979c96054fdfc3bfd90a486355" },
    { url = "https://mirrors.aliyun.com/pypi/packages/a3/52/cb31e084bc0314a1e384bdd677a4b80e55af04ccac077545e2238b9d320a/mypy-2.3.1-cp312-cp312-win_amd64.whl", hash = "sha256:4c5095a327483591c94e0c8d3ef9e50d4ab1369b541eae007c1f23bc2a41f6bb" },
    { url = "https://mirrors.aliyun.com/pypi/packages/7a/47/88fcf6217b43fa2da81a8c2611370af18141536a4f0294bbf98b457d456d/mypy-2.3.1-cp312-cp312-win_arm64.whl", hash = "sha256:bbfe022634a2a195406bd469e888d2eaf193b02ba7e607391cd7640374aaae3b" },
    { url = "https://mirrors.aliyun.com/pypi/packages/8e/41/9675c7a1e78edecfba0b79e587a52594c56e189368261dc7b3a7fffb9527/mypy-2.3.1-py3-none-any.whl", hash = "sha256:6ed5c7e3419083268e5c9258bd1c1ef91af44a9e89374dbcaf37b775716e72eb" },
]

[[package]]
name = "mypy-extensions"
version = "1.1.0"
source = { registry = "https://mirrors.aliyun.com/pypi/simple/" }
sdist = { url = "https://mirrors.aliyun.com/pypi/packages/a2/6e/371856a3fb9d31ca8dac321cda606860fa4548858c0cc45d9d1d4ca2628b/mypy_extensions-1.1.0.tar.gz", hash = "sha256:52e68efc3284861e772bbcd66823fde5ae21fd2fdb51c62a211403730b916558" }
wheels = [
    { url = "https://mirrors.aliyun.com/pypi/packages/79/7b/2c79738432f5c924bef5071f933bcc9efd0473bac3b4aa584a6f7c1c8df8/mypy_extensions-1.1.0-py3-none-any.whl", hash = "sha256:1be4cccdb0f2482337c4743e60421de3a356cd97508abadd57d47403e94f5505" },
]

[[package]]
name = "packaging"
version = "26.3"
source = { registry = "https://mirrors.aliyun.com/pypi/simple/" }
sdist = { url = "https://mirrors.aliyun.com/pypi/packages/7d/fa/3944b40b07da9ce895c0e6303a5ab7d53da063554f534556b134a54d6093/packaging-26.3.tar.gz", hash = "sha256:94edc256424af38762eb31306eed28beb9f0efc50a8837492c9d6fd6004aed79" }
wheels = [
    { url = "https://mirrors.aliyun.com/pypi/packages/63/34/ba1c580383c9eada3711951fef0795c80b829a078d72188184bcab9dd527/packaging-26.3-py3-none-any.whl", hash = "sha256:d7193f7c8e4e93f444fde0262bf90af30e16fa0ad0ad44cb553c87339b23cd1c" },
]

[[package]]
name = "pathspec"
version = "1.1.1"
source = { registry = "https://mirrors.aliyun.com/pypi/simple/" }
sdist = { url = "https://mirrors.aliyun.com/pypi/packages/5a/82/42f767fc1c1143d6fd36efb827202a2d997a375e160a71eb2888a925aac1/pathspec-1.1.1.tar.gz", hash = "sha256:17db5ecd524104a120e173814c90367a96a98d07c45b2e10c2f3919fff91bf5a" }
wheels = [
    { url = "https://mirrors.aliyun.com/pypi/packages/f1/d9/7fb5aa316bc299258e68c73ba3bddbc499654a07f151cba08f6153988714/pathspec-1.1.1-py3-none-any.whl", hash = "sha256:a00ce642f577bf7f473932318056212bc4f8bfdf53128c78bbd5af0b9b20b189" },
]

[[package]]
name = "pluggy"
version = "1.6.0"
source = { registry = "https://mirrors.aliyun.com/pypi/simple/" }
sdist = { url = "https://mirrors.aliyun.com/pypi/packages/f9/e2/3e91f31a7d2b083fe6ef3fa267035b518369d9511ffab804f839851d2779/pluggy-1.6.0.tar.gz", hash = "sha256:7dcc130b76258d33b90f61b658791dede3486c3e6bfb003ee5c9bfb396dd22f3" }
wheels = [
    { url = "https://mirrors.aliyun.com/pypi/packages/54/20/4d324d65cc6d9205fabedc306948156824eb9f0ee1633355a8f7ec5c66bf/pluggy-1.6.0-py3-none-any.whl", hash = "sha256:e920276dd6813095e9377c0bc5566d94c932c33b27a3e3945d8389c374dd4746" },
]

[[package]]
name = "pydantic"
version = "2.13.5"
source = { registry = "https://mirrors.aliyun.com/pypi/simple/" }
dependencies = [
    { name = "annotated-types" },
    { name = "pydantic-core" },
    { name = "typing-extensions" },
    { name = "typing-inspection" },
]
sdist = { url = "https://mirrors.aliyun.com/pypi/packages/53/ef/fc4f868f4e2cee79f863883abffceff107875f569b848507319842d2a681/pydantic-2.13.5.tar.gz", hash = "sha256:51a9c5f7b2f8e636f04c6cada605d9b6a3bf1348fdf945a3d8869b19bba0ee08" }
wheels = [
    { url = "https://mirrors.aliyun.com/pypi/packages/eb/47/c95ffc2009878c7aac0c5e08528022dcb885933252a88b5f170058014464/pydantic-2.13.5-py3-none-any.whl", hash = "sha256:346a034f080da3755d8e9cb5e00e8b07de1d39e4f6e2c87d8ab7cafa0b269a73" },
]

[[package]]
name = "pydantic-core"
version = "2.46.5"
source = { registry = "https://mirrors.aliyun.com/pypi/simple/" }
dependencies = [
    { name = "typing-extensions" },
]
sdist = { url = "https://mirrors.aliyun.com/pypi/packages/af/f9/8a06bea35ef8daf588f707784c973a7046e0034c8d8cfb08828eeffb8b75/pydantic_core-2.46.5.tar.gz", hash = "sha256:10416c15b8839ecc4ef4d0885da76da6fd0f67333a0eb8aff6d93c4b8f2910fc" }
wheels = [
    { url = "https://mirrors.aliyun.com/pypi/packages/82/3f/76358795aa7a8c6d4f36e2cb828ad1c90ee118e1393a9281664f5aade9d4/pydantic_core-2.46.5-cp312-cp312-macosx_10_12_x86_64.whl", hash = "sha256:b9fe6fb92520e3fd61f2e49000b6911b188824f089b75973ea06d6267f0b476d" },
    { url = "https://mirrors.aliyun.com/pypi/packages/db/50/26b091836076ce4cb2fac264186936acc069e0595772cfd02a563bc4761a/pydantic_core-2.46.5-cp312-cp312-macosx_11_0_arm64.whl", hash = "sha256:a39ac25a9a2fa4072efdb429833c4a4c8009a51ff9eea3eeae131713cd27991e" },
    { url = "https://mirrors.aliyun.com/pypi/packages/09/f0/2a8ce3849e299d44e2d2c196b6082643a3235565a735cb51db7a6261f614/pydantic_core-2.46.5-cp312-cp312-manylinux_2_17_aarch64.manylinux2014_aarch64.whl", hash = "sha256:4fdc8b93a41521988916eeaa271173fcca7fa0803d62f87675aac8dcec1c8e29" },
    { url = "https://mirrors.aliyun.com/pypi/packages/87/46/ac0dc8bdd9e6048183a14eb127764e7ad9240021c17513074a4711b0e31e/pydantic_core-2.46.5-cp312-cp312-manylinux_2_17_armv7l.manylinux2014_armv7l.whl", hash = "sha256:b98134087d9de723658d17a42c7d0da8d6e2ef08015dee7dc93889047315f5e4" },
    { url = "https://mirrors.aliyun.com/pypi/packages/c4/c2/339de5bef7be36301a2231eaa52e62163742c2281f11b5f4892bc79785cd/pydantic_core-2.46.5-cp312-cp312-manylinux_2_17_ppc64le.manylinux2014_ppc64le.whl", hash = "sha256:e652ab17569c94bff5475520f907b7148b8c24036a8ebbe5cf7cf7493d28579a" },
    { url = "https://mirrors.aliyun.com/pypi/packages/7b/a0/9ff22b797724262da14427abaed4dd1d864a139693fc5e7809114376a716/pydantic_core-2.46.5-cp312-cp312-manylinux_2_17_s390x.manylinux2014_s390x.whl", hash = "sha256:d925f3d9afd05a8c0fb3a1031463a8d59ebe5e2afad297e29c78be19e13b4e62" },
    { url = "https://mirrors.aliyun.com/pypi/packages/c0/a4/eb9409ec0736e50aa70a412f16c204ed149516846912f7e6724d4c73ee53/pydantic_core-2.46.5-cp312-cp312-manylinux_2_17_x86_64.manylinux2014_x86_64.whl", hash = "sha256:0fc5be0abd4a407e200d844b404e33639a554e7bd0d448e7b9ae181be4789ac2" },
    { url = "https://mirrors.aliyun.com/pypi/packages/c0/02/7f6156ffc926857f1c37c07d9a388682865a81830ab6a1b637082c25e399/pydantic_core-2.46.5-cp312-cp312-manylinux_2_31_riscv64.whl", hash = "sha256:816ff0a6550ffc06c098ccd2e0698600f9aa7da192a79eaa6f9af504a35db869" },
    { url = "https://mirrors.aliyun.com/pypi/packages/92/b1/e781d357ebe09fc929f995700f1b3503e8897f1cece183ecb1300d4d67e9/pydantic_core-2.46.5-cp312-cp312-manylinux_2_5_i686.manylinux1_i686.whl", hash = "sha256:c7ea57fc63aa7da93a1bd2d644e6577befae10c52c4e36377635eea1056a74f5" },
    { url = "https://mirrors.aliyun.com/pypi/packages/70/0a/644597d84ab400e50609c192120b85c9681c22d3a20461b9060a79be0a7a/pydantic_core-2.46.5-cp312-cp312-musllinux_1_1_aarch64.whl", hash = "sha256:efd62a42486f1bda5d24cb4f63d15a3c7768375fe83d36f9417b4ad7a2fb20b3" },
    { url = "https://mirrors.aliyun.com/pypi/packages/1e/ee/ca3b7b3a4b3769ffe9ce9432a7c9be755de9593a46d3b0d54d0409323e44/pydantic_core-2.46.5-cp312-cp312-musllinux_1_1_armv7l.whl", hash = "sha256:2bc9419666990c06d7397831f2126a1ecc3594aaa3ff7de5bf2d066802f4e07b" },
    { url = "https://mirrors.aliyun.com/pypi/packages/ce/52/39fa1f451486019524ca685020390e7ca351832fd874530ba30c8628e6dc/pydantic_core-2.46.5-cp312-cp312-musllinux_1_1_x86_64.whl", hash = "sha256:18a09e1e1011b462f2e32774f25859ef1223d5c2b0546a633cf56654710721e0" },
    { url = "https://mirrors.aliyun.com/pypi/packages/81/5e/468fc630568c61dcef3cd47ad32ffbeed9af643f49208d1ea86ab4f890c4/pydantic_core-2.46.5-cp312-cp312-win32.whl", hash = "sha256:5cb482e9e84c851f4e623fe4acc1ced89168cf1fe18f7089db4548c8f5bbb65b" },
    { url = "https://mirrors.aliyun.com/pypi/packages/cf/c9/4c19f41b84cf6b622a72fbeed7665b25d47a187d68d47d0d430c07f23268/pydantic_core-2.46.5-cp312-cp312-win_amd64.whl", hash = "sha256:5e81740c09e310f5aa5cbd3e434a01c154d4bef93241c7877b39f211d2b78ba8" },
    { url = "https://mirrors.aliyun.com/pypi/packages/af/dd/0c1a050299147c746e5256db16d645ab5efd4f78c59937d581a0524e74a2/pydantic_core-2.46.5-cp312-cp312-win_arm64.whl", hash = "sha256:f7b0ec93a2893de856652154d73b7ba622f26fa97726487dcac373de5f4c6084" },
    { url = "https://mirrors.aliyun.com/pypi/packages/df/dd/053c2e4303f791f3b8f8a14ab0b22008e8eb21d868c0c90b4f9be705b76a/pydantic_core-2.46.5-graalpy312-graalpy250_312_native-macosx_10_12_x86_64.whl", hash = "sha256:013d6f3483d81e02e7c328831808f336c8596ee33b4bd4026b9ffb1e960b8942" },
    { url = "https://mirrors.aliyun.com/pypi/packages/d7/dd/a18df751a5e37dd51bfad7f68e766999125bebe68c9e1d10a493ad01bd63/pydantic_core-2.46.5-graalpy312-graalpy250_312_native-macosx_11_0_arm64.whl", hash = "sha256:e9c134bb666dd54b778b9fc0d2b50cbb7f979b9e3716f26a88c9ab3b6fc1dd0f" },
    { url = "https://mirrors.aliyun.com/pypi/packages/b7/13/01d40f9d07ce8a779fd6e0bd8ad4fba91309500dd67b869e2e219d261a6d/pydantic_core-2.46.5-graalpy312-graalpy250_312_native-manylinux_2_17_aarch64.manylinux2014_aarch64.whl", hash = "sha256:347ec774390c87326a2e4929d58d3f7e8763a104d5d35f4cd595a4c952366433" },
    { url = "https://mirrors.aliyun.com/pypi/packages/fa/04/c81d4841331c2178b6fb09ae225425e110ed72d990c9fe556c4ec03d1013/pydantic_core-2.46.5-graalpy312-graalpy250_312_native-manylinux_2_17_x86_64.manylinux2014_x86_64.whl", hash = "sha256:8e24d8f05fa2d28513d94e877e9c75ad66175376209b3977f916e240e623193c" },
]

[[package]]
name = "pygments"
version = "2.21.0"
source = { registry = "https://mirrors.aliyun.com/pypi/simple/" }
sdist = { url = "https://mirrors.aliyun.com/pypi/packages/49/2e/ced460408999b33da6b31b0021b0f37d329e202d4169aeb164493778f25b/pygments-2.21.0.tar.gz", hash = "sha256:610ca751c9bc2492b38eb9a38a7fbc93edbbb2d7182edaf34e66ae493dee5c8c" }
wheels = [
    { url = "https://mirrors.aliyun.com/pypi/packages/71/46/17f022dd3e953bf20a04a028a21ec746d942f8d2af30fa0f124fa0e6a684/pygments-2.21.0-py3-none-any.whl", hash = "sha256:2363c69b61c4a97c838da3b130dcd6468f4848992b21a82f2a63ec34377137d9" },
]

[[package]]
name = "pytest"
version = "9.1.1"
source = { registry = "https://mirrors.aliyun.com/pypi/simple/" }
dependencies = [
    { name = "colorama", marker = "sys_platform == 'win32'" },
    { name = "iniconfig" },
    { name = "packaging" },
    { name = "pluggy" },
    { name = "pygments" },
]
sdist = { url = "https://mirrors.aliyun.com/pypi/packages/e4/47/b9efed96c114afcfa3c9d3fe98a76a1d14c74a9e266d397cf6eb64be5e01/pytest-9.1.1.tar.gz", hash = "sha256:1088fbde8f2b49d95a549a195707afa7a76a3ce9bcadc26b6d71f0ffda5fe313" }
wheels = [
    { url = "https://mirrors.aliyun.com/pypi/packages/24/25/1de2678b631f5a49215c6c96fff41ba892b0a34df68d6d80292b1b48aa7f/pytest-9.1.1-py3-none-any.whl", hash = "sha256:37a86b45efb9a47a61a36449063e8e18d0cab3161329fc099eb21783169c4f0c" },
]

[[package]]
name = "ruff"
version = "0.16.5"
source = { registry = "https://mirrors.aliyun.com/pypi/simple/" }
sdist = { url = "https://mirrors.aliyun.com/pypi/packages/f3/85/c8e12473c93018f92d19dd988a294202e1c27426c47ec4de53ffb847b8d8/ruff-0.16.5.tar.gz", hash = "sha256:1b88500f9ffbcab3dedb0082c9f9492e91ec3d618aac1236a3e0189938f7040b" }
wheels = [
    { url = "https://mirrors.aliyun.com/pypi/packages/c6/b6/77c90a970fe2dae17a723acbd011043ea97c98d7deacccefdc4ba74ec512/ruff-0.16.5-py3-none-linux_armv6l.whl", hash = "sha256:12e5f673e774c35fbb62f288809c7653b73445f8ecec6b6063fd6ea3521aa14b" },
    { url = "https://mirrors.aliyun.com/pypi/packages/4b/46/6cf67cf6411885a1d6f7f6d801682f155536a85176d10b605e2ceffed8bd/ruff-0.16.5-py3-none-macosx_10_12_x86_64.whl", hash = "sha256:eda58a5802de40e7ed5b32b64e0b32539338cc6fcd2c78f61e3ad6a0d79f51c3" },
    { url = "https://mirrors.aliyun.com/pypi/packages/46/fd/c8720ca7a090abf0c2fef4abe8a5ef6e5127ed15196d8886ff75a2b370e2/ruff-0.16.5-py3-none-macosx_11_0_arm64.whl", hash = "sha256:c5ae9a7b9a8875131f40f8fe967cc86abf899779efd663cb7ce3d572d01da7eb" },
    { url = "https://mirrors.aliyun.com/pypi/packages/43/45/a684caacdedaca180f52bacccc40bf0789d2c5a7c75f25324853e9eaedb5/ruff-0.16.5-py3-none-manylinux_2_17_aarch64.manylinux2014_aarch64.whl", hash = "sha256:7b719b0a1f4d59710d283ab2965f621684a108a9e41da622e3b23f0326cd0025" },
    { url = "https://mirrors.aliyun.com/pypi/packages/9e/f2/5d2bcdaca6b5b93d1b4dfc166cd2aebf7680143a1b38a28759df13a94d31/ruff-0.16.5-py3-none-manylinux_2_17_armv7l.manylinux2014_armv7l.whl", hash = "sha256:2298f2780ed1be0c5cb1361e32ab7b1467f3cce7dabe101d2210a314f2fe42e9" },
    { url = "https://mirrors.aliyun.com/pypi/packages/aa/ff/011cce29accf9257d5974145b733fc653a37985ed6825413a3987cefbfe0/ruff-0.16.5-py3-none-manylinux_2_17_i686.manylinux2014_i686.whl", hash = "sha256:258f29035a2dd021e7861e631b227a5b3f14e50c1184c9a6a122c5f4576154d7" },
    { url = "https://mirrors.aliyun.com/pypi/packages/d7/5a/f0cf109bada9bba0e96c90c21c9f9251803f57225c32d293327a03c710d6/ruff-0.16.5-py3-none-manylinux_2_17_ppc64le.manylinux2014_ppc64le.whl", hash = "sha256:b9a4f0432966834019c74d1b7e5c51224305d7713f3d7faf3e7451f1a3be3cde" },
    { url = "https://mirrors.aliyun.com/pypi/packages/63/4d/1d481aaea2046c6a7ed7c291f9004c669cce3c087b6b376ed5b08271e3fe/ruff-0.16.5-py3-none-manylinux_2_17_s390x.manylinux2014_s390x.whl", hash = "sha256:b5eb3a8c3d0ade9cea42b591fd530368e8798380e30e0a308b85a5cf718f09ea" },
    { url = "https://mirrors.aliyun.com/pypi/packages/ee/34/ee245ca55f64443233034b3d02b03236b19242004281247c079390b7facd/ruff-0.16.5-py3-none-manylinux_2_17_x86_64.manylinux2014_x86_64.whl", hash = "sha256:ef0f69e191a13a3c9816f63163c88790cb12cd157bbbb384e9c44745702ab105" },
    { url = "https://mirrors.aliyun.com/pypi/packages/a7/4d/c33a333e341c0a2b96c715b52d89a606f5a34cd4ac493cd9b8d0187186b8/ruff-0.16.5-py3-none-manylinux_2_31_riscv64.whl", hash = "sha256:0eeab41fbea2c42f98dfb9822cdccda9d24ba38d49f6dc945b5c236d48f0ef29" },
    { url = "https://mirrors.aliyun.com/pypi/packages/30/e1/a64cef78b40192497bb98a27a8aa8f2c98ee9ee15bc97f7712d94ef32937/ruff-0.16.5-py3-none-musllinux_1_2_aarch64.whl", hash = "sha256:f0768e9df4300713fff30733c87575f68b6f1d8de41184e505b7fdd9c0c95eaf" },
    { url = "https://mirrors.aliyun.com/pypi/packages/cc/4e/4cdc9ed3c3e109d2f71e62572a37457298d7bc7501ec3138babb7ed32bbd/ruff-0.16.5-py3-none-musllinux_1_2_armv7l.whl", hash = "sha256:95cc70cdc7aa80c338de356279d2adbeb2de0f520b9ecd8aba75b94e95e02f91" },
    { url = "https://mirrors.aliyun.com/pypi/packages/39/4a/31ed35ce31729955fc583ee0d176d6e784c1290cb0b0a75cb2134c1ab72a/ruff-0.16.5-py3-none-musllinux_1_2_i686.whl", hash = "sha256:d185c8398ded1bfd91c0c2cb258346307571eccc473a8490af8c3977399c384a" },
    { url = "https://mirrors.aliyun.com/pypi/packages/a8/a0/60356d86687b4b666d593df213f4dc3041750d024cb7bf2cfa81cfd65c2e/ruff-0.16.5-py3-none-musllinux_1_2_x86_64.whl", hash = "sha256:fb8e3a3c4c6a784150a7ced53b015f4b253fc2bf97a610886419ead64b4756ef" },
    { url = "https://mirrors.aliyun.com/pypi/packages/ed/20/656d67f5b25ca9bda4e02b1de25867b2954e1d19e03648060f167ad0f4cc/ruff-0.16.5-py3-none-win32.whl", hash = "sha256:288b0a5f080492fe5635db849f9e2e84aa3cce7b7f0e955997d416c507c76a26" },
    { url = "https://mirrors.aliyun.com/pypi/packages/5b/42/ee8e68a207b9127fcde6c3d7e197def432f346cb1af159e1fa14ca0d1cdc/ruff-0.16.5-py3-none-win_amd64.whl", hash = "sha256:ddc6385fb2137f616357ca03d6c74f4be987f80fed4008566b754f6032b8546f" },
    { url = "https://mirrors.aliyun.com/pypi/packages/73/e3/7df5a396e445b9ba49ce9a9437439a4d80042c61c0ade199abf8d16de1ac/ruff-0.16.5-py3-none-win_arm64.whl", hash = "sha256:a64abe90968719b851bb7cedffaa8753fbdbdadab483089682db623f3edc587e" },
]

[[package]]
name = "tomlkit"
version = "0.15.1"
source = { registry = "https://mirrors.aliyun.com/pypi/simple/" }
sdist = { url = "https://mirrors.aliyun.com/pypi/packages/94/96/e07752635b98536177fa1f37671c8f3cdde2e724c6bcf6034b2cfb571565/tomlkit-0.15.1.tar.gz", hash = "sha256:e25bbf38843005246210a12982776f27f99cb9be67160e14434d0c0d21ee1e97" }
wheels = [
    { url = "https://mirrors.aliyun.com/pypi/packages/13/bc/8c13eb66537dce1d2bd3a57132902f38d0e7f5bb46fa9f4daed9fe9d76ee/tomlkit-0.15.1-py3-none-any.whl", hash = "sha256:177a05aece5a8ca5266fd3c448abb47b8d352f09d477d3ca8332db4d89b24304" },
]

[[package]]
name = "trove-classifiers"
version = "2026.6.1.19"
source = { registry = "https://mirrors.aliyun.com/pypi/simple/" }
sdist = { url = "https://mirrors.aliyun.com/pypi/packages/c2/e3/7ca82ee24c82d344584abd5b8637b3bd056f2900226e8d82fc22f1184b92/trove_classifiers-2026.6.1.19.tar.gz", hash = "sha256:c5132b4b61a829d11cfbd2d72e97f20a45ed6edb95e45c5efdeb5e00836b2745" }
wheels = [
    { url = "https://mirrors.aliyun.com/pypi/packages/7c/a4/81502f486f01db95bc8320646a8a12511f5e556cb63d5e224d91816605c4/trove_classifiers-2026.6.1.19-py3-none-any.whl", hash = "sha256:ab4c4ec93cc4a4e7815fa759906e05e6bb3f2fbd92ea0f897288c6a43efd15b3" },
]

[[package]]
name = "typing-extensions"
version = "4.16.0"
source = { registry = "https://mirrors.aliyun.com/pypi/simple/" }
sdist = { url = "https://mirrors.aliyun.com/pypi/packages/f6/cc/6253133b5bb138fc3306cebfbda2c520f545d36b5be2c7255cc528bb45d6/typing_extensions-4.16.0.tar.gz", hash = "sha256:dc983d19a509c94dba722ee6abd33940f7c05a89e243c47e907eb4db6f1a43e5" }
wheels = [
    { url = "https://mirrors.aliyun.com/pypi/packages/49/d3/b8441a820a491ddfc024b0b0cf0393375b75ea13866d9c66727e54c2fc80/typing_extensions-4.16.0-py3-none-any.whl", hash = "sha256:481caa481374e813c1b176ada14e97f1f67a4539ce9cfeb3f350d78d6370c2e8" },
]

[[package]]
name = "typing-inspection"
version = "0.4.4"
source = { registry = "https://mirrors.aliyun.com/pypi/simple/" }
dependencies = [
    { name = "typing-extensions" },
]
sdist = { url = "https://mirrors.aliyun.com/pypi/packages/a3/26/b09b8010994eccc3c09092e6b34058f36a460eea2d4c3e8b910c695975a0/typing_inspection-0.4.4.tar.gz", hash = "sha256:547274fa6b0a561ccf549cc9524b999a578e737d015d8709d021f9d0d13bea47" }
wheels = [
    { url = "https://mirrors.aliyun.com/pypi/packages/67/81/4add07e5172b7ac40d8ed5ff580409a7801a4fe26d529bdd915401dabfbe/typing_inspection-0.4.4-py3-none-any.whl", hash = "sha256:65b8397ba37ccbce054456aaccddfc91e6e3083c92824df348d96ca832f3f147" },
]
